
Microsoft Visual Studio Solution File, Format Version 12.00
# Visual Studio Version 17
VisualStudioVersion = 17.8.34511.84
MinimumVisualStudioVersion = 10.0.40219.1
Project("{FAE04EC0-301F-11D3-BF4B-00C04F79EFBC}") = "app_gui_mensaje", "app_gui_mensaje\app_gui_mensaje.csproj", "{E906088A-51C3-4AD4-9B0E-07AA1779AF2E}"
EndProject
Global
	GlobalSection(SolutionConfigurationPlatforms) = preSolution
		Debug|Any CPU = Debug|Any CPU
		Release|Any CPU = Release|Any CPU
	EndGlobalSection
	GlobalSection(ProjectConfigurationPlatforms) = postSolution
		{E906088A-51C3-4AD4-9B0E-07AA1779AF2E}.Debug|Any CPU.ActiveCfg = Debug|Any CPU
		{E906088A-51C3-4AD4-9B0E-07AA1779AF2E}.Debug|Any CPU.Build.0 = Debug|Any CPU
		{E906088A-51C3-4AD4-9B0E-07AA1779AF2E}.Release|Any CPU.ActiveCfg = Release|Any CPU
		{E906088A-51C3-4AD4-9B0E-07AA1779AF2E}.Release|Any CPU.Build.0 = Release|Any CPU
	EndGlobalSection
	GlobalSection(SolutionProperties) = preSolution
		HideSolutionNode = FALSE
	EndGlobalSection
	GlobalSection(ExtensibilityGlobals) = postSolution
		SolutionGuid = {842294E5-D5AC-4FDB-A360-A51A0DA62114}
	EndGlobalSection
EndGlobal
